{
  "version": 4,
  "terraform_version": "1.11.2",
  "serial": 110,
  "lineage": "3b639725-53d2-d686-94d7-e011186f77e1",
  "outputs": {
    "cluster_endpoint": {
      "value": "https://A95EA1FEC910C5CA1D514EAB7C1B7DCA.gr7.eu-west-2.eks.amazonaws.com",
      "type": "string"
    },
    "cluster_name": {
      "value": "K8s-Opsfleet",
      "type": "string"
    },
    "karpenter_provisioner": {
      "value": "default",
      "type": "string"
    }
  },
  "resources": [
    {
      "mode": "data",
      "type": "aws_eks_cluster_auth",
      "name": "cluster",
      "provider": "provider[\"registry.terraform.io/hashicorp/aws\"]",
      "instances": [
        {
          "schema_version": 0,
          "attributes": {
            "id": "K8s-Opsfleet",
            "name": "K8s-Opsfleet",
            "token": "k8s-aws-v1.aHR0cHM6Ly9zdHMuZXUtd2VzdC0yLmFtYXpvbmF3cy5jb20vP0FjdGlvbj1HZXRDYWxsZXJJZGVudGl0eSZWZXJzaW9uPTIwMTEtMDYtMTUmWC1BbXotQWxnb3JpdGhtPUFXUzQtSE1BQy1TSEEyNTYmWC1BbXotQ3JlZGVudGlhbD1BS0lBNE1UV0o3VEFJRlQ3NTY3NCUyRjIwMjUwMzI3JTJGZXUtd2VzdC0yJTJGc3RzJTJGYXdzNF9yZXF1ZXN0JlgtQW16LURhdGU9MjAyNTAzMjdUMDMxMzIxWiZYLUFtei1FeHBpcmVzPTAmWC1BbXotU2lnbmVkSGVhZGVycz1ob3N0JTNCeC1rOHMtYXdzLWlkJlgtQW16LVNpZ25hdHVyZT03YjA0YjQyMTlkZmVmNTQwNGQ5YTZmODRmMzhmODUyMmQxYmNkMWExY2Y5OTJmMTcyZTYxNWU1N2YxYWJiMmUx"
          },
          "sensitive_attributes": [
            [
              {
                "type": "get_attr",
                "value": "token"
              }
            ]
          ]
        }
      ]
    },
    {
      "mode": "managed",
      "type": "aws_ec2_tag",
      "name": "karpenter_node_sg",
      "provider": "provider[\"registry.terraform.io/hashicorp/aws\"]",
      "instances": [
        {
          "schema_version": 0,
          "attributes": {
            "id": "sg-021d327df2ca05180,karpenter.sh/discovery",
            "key": "karpenter.sh/discovery",
            "resource_id": "sg-021d327df2ca05180",
            "value": "K8s-Opsfleet"
          },
          "sensitive_attributes": [],
          "private": "bnVsbA=="
        }
      ]
    },
    {
      "mode": "managed",
      "type": "aws_ec2_tag",
      "name": "karpenter_private_subnet_1",
      "provider": "provider[\"registry.terraform.io/hashicorp/aws\"]",
      "instances": [
        {
          "schema_version": 0,
          "attributes": {
            "id": "subnet-018df55eb414fd002,karpenter.sh/discovery",
            "key": "karpenter.sh/discovery",
            "resource_id": "subnet-018df55eb414fd002",
            "value": "K8s-Opsfleet"
          },
          "sensitive_attributes": [],
          "private": "bnVsbA=="
        }
      ]
    },
    {
      "mode": "managed",
      "type": "aws_ec2_tag",
      "name": "karpenter_private_subnet_2",
      "provider": "provider[\"registry.terraform.io/hashicorp/aws\"]",
      "instances": [
        {
          "schema_version": 0,
          "attributes": {
            "id": "subnet-089c8c8f1652164dc,karpenter.sh/discovery",
            "key": "karpenter.sh/discovery",
            "resource_id": "subnet-089c8c8f1652164dc",
            "value": "K8s-Opsfleet"
          },
          "sensitive_attributes": [],
          "private": "bnVsbA=="
        }
      ]
    },
    {
      "module": "module.eks",
      "mode": "managed",
      "type": "aws_eks_cluster",
      "name": "eks",
      "provider": "module.eks.provider[\"registry.terraform.io/hashicorp/aws\"]",
      "instances": [
        {
          "schema_version": 1,
          "attributes": {
            "access_config": [
              {
                "authentication_mode": "CONFIG_MAP",
                "bootstrap_cluster_creator_admin_permissions": true
              }
            ],
            "arn": "arn:aws:eks:eu-west-2:851725384896:cluster/K8s-Opsfleet",
            "bootstrap_self_managed_addons": true,
            "certificate_authority": [
              {
                "data": "LS0tLS1CRUdJTiBDRVJUSUZJQ0FURS0tLS0tCk1JSURCVENDQWUyZ0F3SUJBZ0lJSUljZ1d6MU8zaE13RFFZSktvWklodmNOQVFFTEJRQXdGVEVUTUJFR0ExVUUKQXhNS2EzVmlaWEp1WlhSbGN6QWVGdzB5TlRBek1qWXlNRFU1TlRaYUZ3MHpOVEF6TWpReU1UQTBOVFphTUJVeApFekFSQmdOVkJBTVRDbXQxWW1WeWJtVjBaWE13Z2dFaU1BMEdDU3FHU0liM0RRRUJBUVVBQTRJQkR3QXdnZ0VLCkFvSUJBUUREQ0VpZ3dPZFlVTktRMWlMWjdTdGRmdXFjcDlTck00QU1wcXZwVEk2cTZqUU4vbVdOQitwZFFkK1MKZ1BWMElVdXNmcE80OWV5WnBZUS9yY0dNczc5WFFybGo3ZkpYODFGK2J2KzVmbUxBNUVoRlUybk1MRHY0VjFnaAp1NlV4TitvRkdxNDVnN29URjNQcFAvYWZqSzFLU3Y3SmFZZmN5N0JjVG5EU29yaEVvQkZidFA1MFVsZGYwMERYCkNTc0FXV1JGREtBSW1xYkovR25jMjQ5MEovdjBaamZJd0NHQ0o3N3ZvNFlobVRRMVk5aWhjQTRYQ0JaRmttM3AKWlZobEJDa1JwbkhaMGwwb2tXQk1BYUlYTDBaRklsZ0pKVUFPR1dCeFY2TE9XaUpORnFndUlsS2pTSWg4YTRhcgpyckZwQjVHWEpjZlVCa3NJaFZZNHJUSTBXMThEQWdNQkFBR2pXVEJYTUE0R0ExVWREd0VCL3dRRUF3SUNwREFQCkJnTlZIUk1CQWY4RUJUQURBUUgvTUIwR0ExVWREZ1FXQkJSSVYwd01BVlVob0FqMERtUUJSOFFscGI5Z3ZEQVYKQmdOVkhSRUVEakFNZ2dwcmRXSmxjbTVsZEdWek1BMEdDU3FHU0liM0RRRUJDd1VBQTRJQkFRQVBhYWhSL2c4RQorcmdELy8yTXJiWWFBeTEwYnNHOWJqTFBLV0E1azdyVHVWbGkrUXhTZjBWMyt3c1pLTythNzEwbVdPS3N2R2FyCkM2ZjVOc1BwYVpQb2ZoNlhOd00xNDJoQ1JOV3ZKRnMyRGdNMUV1S3QrbEIwWXFPazZVdmpJRU5PRWdaNllJS3IKd0VSazRNUWlEVVpQb3FxMFVEbEJpNWRxVW5TUkhwRWJVOXc3Q2JNSXRwVVhEdEJabko3TEhUT3R0ZUdGSEQzQQpNeXlJL3M0Uml4OVNIaEo0aWN4VjhoY3hsVU9WVzZrYkg5NitmWEJTY05mUVAxclFKcnIwclJFUkZXOEt1Q0NBCitzY0Njbm9nVm8rakJGZWVFYWRScS9TVTV6MTI4dlQ0UFFKbWNSMjhJRExmUVJrejBzNGZ4QmhnUnB3QzlxZXYKSFVuVmlHTTZmL09vCi0tLS0tRU5EIENFUlRJRklDQVRFLS0tLS0K"
              }
            ],
            "cluster_id": null,
            "compute_config": [],
            "created_at": "2025-03-26T21:00:53Z",
            "enabled_cluster_log_types": [],
            "encryption_config": [],
            "endpoint": "https://A95EA1FEC910C5CA1D514EAB7C1B7DCA.gr7.eu-west-2.eks.amazonaws.com",
            "id": "K8s-Opsfleet",
            "identity": [
              {
                "oidc": [
                  {
                    "issuer": "https://oidc.eks.eu-west-2.amazonaws.com/id/A95EA1FEC910C5CA1D514EAB7C1B7DCA"
                  }
                ]
              }
            ],
            "kubernetes_network_config": [
              {
                "elastic_load_balancing": [
                  {
                    "enabled": false
                  }
                ],
                "ip_family": "ipv4",
                "service_ipv4_cidr": "10.100.0.0/16",
                "service_ipv6_cidr": ""
              }
            ],
            "name": "K8s-Opsfleet",
            "outpost_config": [],
            "platform_version": "eks.5",
            "remote_network_config": [],
            "role_arn": "arn:aws:iam::851725384896:role/K8s-Opsfleet-cluster-role",
            "status": "ACTIVE",
            "storage_config": [],
            "tags": {},
            "tags_all": {},
            "timeouts": null,
            "upgrade_policy": [
              {
                "support_type": "EXTENDED"
              }
            ],
            "version": "1.32",
            "vpc_config": [
              {
                "cluster_security_group_id": "sg-021d327df2ca05180",
                "endpoint_private_access": false,
                "endpoint_public_access": true,
                "public_access_cidrs": [
                  "0.0.0.0/0"
                ],
                "security_group_ids": [],
                "subnet_ids": [
                  "subnet-0105e0659018420b0",
                  "subnet-0982c4613817a4b69",
                  "subnet-09f0c2bb80b83dace"
                ],
                "vpc_id": "vpc-05bcd31fe5dec1fc3"
              }
            ],
            "zonal_shift_config": []
          },
          "sensitive_attributes": [],
          "private": "eyJlMmJmYjczMC1lY2FhLTExZTYtOGY4OC0zNDM2M2JjN2M0YzAiOnsiY3JlYXRlIjoxODAwMDAwMDAwMDAwLCJkZWxldGUiOjkwMDAwMDAwMDAwMCwidXBkYXRlIjozNjAwMDAwMDAwMDAwfSwic2NoZW1hX3ZlcnNpb24iOiIxIn0=",
          "dependencies": [
            "module.eks.aws_iam_role.cluster",
            "module.eks.aws_iam_role_policy_attachment.cluster_AmazonEKSClusterPolicy",
            "module.eks.aws_iam_role_policy_attachment.cluster_AmazonEKSVPCResourceController"
          ]
        }
      ]
    },
    {
      "module": "module.eks",
      "mode": "managed",
      "type": "aws_eks_node_group",
      "name": "bootstrap",
      "provider": "module.eks.provider[\"registry.terraform.io/hashicorp/aws\"]",
      "instances": [
        {
          "schema_version": 0,
          "attributes": {
            "ami_type": "AL2023_x86_64_STANDARD",
            "arn": "arn:aws:eks:eu-west-2:851725384896:nodegroup/K8s-Opsfleet/bootstrap-node-group/7ecaea37-9d80-d17f-4552-f614d2e0a849",
            "capacity_type": "ON_DEMAND",
            "cluster_name": "K8s-Opsfleet",
            "disk_size": 20,
            "force_update_version": null,
            "id": "K8s-Opsfleet:bootstrap-node-group",
            "instance_types": [
              "t3.medium"
            ],
            "labels": {},
            "launch_template": [],
            "node_group_name": "bootstrap-node-group",
            "node_group_name_prefix": "",
            "node_repair_config": [],
            "node_role_arn": "arn:aws:iam::851725384896:role/K8s-Opsfleet-node-group-role",
            "release_version": "1.32.1-20250317",
            "remote_access": [],
            "resources": [
              {
                "autoscaling_groups": [
                  {
                    "name": "eks-bootstrap-node-group-7ecaea37-9d80-d17f-4552-f614d2e0a849"
                  }
                ],
                "remote_access_security_group_id": ""
              }
            ],
            "scaling_config": [
              {
                "desired_size": 2,
                "max_size": 3,
                "min_size": 1
              }
            ],
            "status": "ACTIVE",
            "subnet_ids": [
              "subnet-0105e0659018420b0",
              "subnet-0982c4613817a4b69",
              "subnet-09f0c2bb80b83dace"
            ],
            "tags": {
              "karpenter.sh/discovery": "K8s-Opsfleet"
            },
            "tags_all": {
              "karpenter.sh/discovery": "K8s-Opsfleet"
            },
            "taint": [],
            "timeouts": null,
            "update_config": [
              {
                "max_unavailable": 1,
                "max_unavailable_percentage": 0
              }
            ],
            "version": "1.32"
          },
          "sensitive_attributes": [],
          "private": "eyJlMmJmYjczMC1lY2FhLTExZTYtOGY4OC0zNDM2M2JjN2M0YzAiOnsiY3JlYXRlIjozNjAwMDAwMDAwMDAwLCJkZWxldGUiOjM2MDAwMDAwMDAwMDAsInVwZGF0ZSI6MzYwMDAwMDAwMDAwMH19",
          "dependencies": [
            "module.eks.aws_eks_cluster.eks",
            "module.eks.aws_iam_role.cluster",
            "module.eks.aws_iam_role.node_group",
            "module.eks.aws_iam_role_policy_attachment.cluster_AmazonEKSClusterPolicy",
            "module.eks.aws_iam_role_policy_attachment.cluster_AmazonEKSVPCResourceController",
            "module.eks.aws_iam_role_policy_attachment.node_AmazonEC2ContainerRegistryReadOnly",
            "module.eks.aws_iam_role_policy_attachment.node_AmazonEKSWorkerNodePolicy"
          ]
        }
      ]
    },
    {
      "module": "module.eks",
      "mode": "managed",
      "type": "aws_iam_instance_profile",
      "name": "node_group",
      "provider": "module.eks.provider[\"registry.terraform.io/hashicorp/aws\"]",
      "instances": [
        {
          "schema_version": 0,
          "attributes": {
            "arn": "arn:aws:iam::851725384896:instance-profile/K8s-Opsfleet-node-group-profile",
            "create_date": "2025-03-26T22:59:36Z",
            "id": "K8s-Opsfleet-node-group-profile",
            "name": "K8s-Opsfleet-node-group-profile",
            "name_prefix": "",
            "path": "/",
            "role": "K8s-Opsfleet-node-group-role",
            "tags": {},
            "tags_all": {},
            "unique_id": "AIPA4MTWJ7TAGV626XOKK"
          },
          "sensitive_attributes": [],
          "private": "bnVsbA==",
          "dependencies": [
            "module.eks.aws_iam_role.node_group"
          ]
        }
      ]
    },
    {
      "module": "module.eks",
      "mode": "managed",
      "type": "aws_iam_openid_connect_provider",
      "name": "eks",
      "provider": "module.eks.provider[\"registry.terraform.io/hashicorp/aws\"]",
      "instances": [
        {
          "schema_version": 0,
          "attributes": {
            "arn": "arn:aws:iam::851725384896:oidc-provider/oidc.eks.eu-west-2.amazonaws.com/id/A95EA1FEC910C5CA1D514EAB7C1B7DCA",
            "client_id_list": [
              "sts.amazonaws.com"
            ],
            "id": "arn:aws:iam::851725384896:oidc-provider/oidc.eks.eu-west-2.amazonaws.com/id/A95EA1FEC910C5CA1D514EAB7C1B7DCA",
            "tags": {},
            "tags_all": {},
            "thumbprint_list": [
              "9113c492911635f730e51f259f28873df5b7f01a"
            ],
            "url": "oidc.eks.eu-west-2.amazonaws.com/id/A95EA1FEC910C5CA1D514EAB7C1B7DCA"
          },
          "sensitive_attributes": [],
          "private": "bnVsbA==",
          "dependencies": [
            "module.eks.aws_eks_cluster.eks",
            "module.eks.aws_iam_role.cluster",
            "module.eks.aws_iam_role_policy_attachment.cluster_AmazonEKSClusterPolicy",
            "module.eks.aws_iam_role_policy_attachment.cluster_AmazonEKSVPCResourceController"
          ]
        }
      ]
    },
    {
      "module": "module.eks",
      "mode": "managed",
      "type": "aws_iam_role",
      "name": "cluster",
      "provider": "module.eks.provider[\"registry.terraform.io/hashicorp/aws\"]",
      "instances": [
        {
          "schema_version": 0,
          "attributes": {
            "arn": "arn:aws:iam::851725384896:role/K8s-Opsfleet-cluster-role",
            "assume_role_policy": "{\"Statement\":[{\"Action\":\"sts:AssumeRole\",\"Effect\":\"Allow\",\"Principal\":{\"Service\":\"eks.amazonaws.com\"}}],\"Version\":\"2012-10-17\"}",
            "create_date": "2025-03-26T05:22:37Z",
            "description": "",
            "force_detach_policies": false,
            "id": "K8s-Opsfleet-cluster-role",
            "inline_policy": [],
            "managed_policy_arns": [
              "arn:aws:iam::aws:policy/AmazonEKSClusterPolicy",
              "arn:aws:iam::aws:policy/AmazonEKSVPCResourceController"
            ],
            "max_session_duration": 3600,
            "name": "K8s-Opsfleet-cluster-role",
            "name_prefix": "",
            "path": "/",
            "permissions_boundary": "",
            "tags": {},
            "tags_all": {},
            "unique_id": "AROA4MTWJ7TALVVJTCZ6D"
          },
          "sensitive_attributes": [],
          "private": "bnVsbA=="
        }
      ]
    },
    {
      "module": "module.eks",
      "mode": "managed",
      "type": "aws_iam_role",
      "name": "node_group",
      "provider": "module.eks.provider[\"registry.terraform.io/hashicorp/aws\"]",
      "instances": [
        {
          "schema_version": 0,
          "attributes": {
            "arn": "arn:aws:iam::851725384896:role/K8s-Opsfleet-node-group-role",
            "assume_role_policy": "{\"Statement\":[{\"Action\":\"sts:AssumeRole\",\"Effect\":\"Allow\",\"Principal\":{\"Service\":\"ec2.amazonaws.com\"}}],\"Version\":\"2012-10-17\"}",
            "create_date": "2025-03-26T21:00:52Z",
            "description": "",
            "force_detach_policies": false,
            "id": "K8s-Opsfleet-node-group-role",
            "inline_policy": [],
            "managed_policy_arns": [
              "arn:aws:iam::aws:policy/AmazonEC2ContainerRegistryReadOnly",
              "arn:aws:iam::aws:policy/AmazonEKSWorkerNodePolicy",
              "arn:aws:iam::aws:policy/AmazonEKS_CNI_Policy"
            ],
            "max_session_duration": 3600,
            "name": "K8s-Opsfleet-node-group-role",
            "name_prefix": "",
            "path": "/",
            "permissions_boundary": "",
            "tags": {},
            "tags_all": {},
            "unique_id": "AROA4MTWJ7TAMPBD2VRDG"
          },
          "sensitive_attributes": [],
          "private": "bnVsbA=="
        }
      ]
    },
    {
      "module": "module.eks",
      "mode": "managed",
      "type": "aws_iam_role_policy_attachment",
      "name": "cluster_AmazonEKSClusterPolicy",
      "provider": "module.eks.provider[\"registry.terraform.io/hashicorp/aws\"]",
      "instances": [
        {
          "schema_version": 0,
          "attributes": {
            "id": "K8s-Opsfleet-cluster-role-20250326052238806900000001",
            "policy_arn": "arn:aws:iam::aws:policy/AmazonEKSClusterPolicy",
            "role": "K8s-Opsfleet-cluster-role"
          },
          "sensitive_attributes": [],
          "private": "bnVsbA==",
          "dependencies": [
            "module.eks.aws_iam_role.cluster"
          ]
        }
      ]
    },
    {
      "module": "module.eks",
      "mode": "managed",
      "type": "aws_iam_role_policy_attachment",
      "name": "cluster_AmazonEKSVPCResourceController",
      "provider": "module.eks.provider[\"registry.terraform.io/hashicorp/aws\"]",
      "instances": [
        {
          "schema_version": 0,
          "attributes": {
            "id": "K8s-Opsfleet-cluster-role-20250326052238824500000002",
            "policy_arn": "arn:aws:iam::aws:policy/AmazonEKSVPCResourceController",
            "role": "K8s-Opsfleet-cluster-role"
          },
          "sensitive_attributes": [],
          "private": "bnVsbA==",
          "dependencies": [
            "module.eks.aws_iam_role.cluster"
          ]
        }
      ]
    },
    {
      "module": "module.eks",
      "mode": "managed",
      "type": "aws_iam_role_policy_attachment",
      "name": "node_AmazonEC2ContainerRegistryReadOnly",
      "provider": "module.eks.provider[\"registry.terraform.io/hashicorp/aws\"]",
      "instances": [
        {
          "schema_version": 0,
          "attributes": {
            "id": "K8s-Opsfleet-node-group-role-20250326210053746700000002",
            "policy_arn": "arn:aws:iam::aws:policy/AmazonEC2ContainerRegistryReadOnly",
            "role": "K8s-Opsfleet-node-group-role"
          },
          "sensitive_attributes": [],
          "private": "bnVsbA==",
          "dependencies": [
            "module.eks.aws_iam_role.node_group"
          ]
        }
      ]
    },
    {
      "module": "module.eks",
      "mode": "managed",
      "type": "aws_iam_role_policy_attachment",
      "name": "node_AmazonEKSCNIPolicy",
      "provider": "module.eks.provider[\"registry.terraform.io/hashicorp/aws\"]",
      "instances": [
        {
          "schema_version": 0,
          "attributes": {
            "id": "K8s-Opsfleet-node-group-role-20250326221243413900000001",
            "policy_arn": "arn:aws:iam::aws:policy/AmazonEKS_CNI_Policy",
            "role": "K8s-Opsfleet-node-group-role"
          },
          "sensitive_attributes": [],
          "private": "bnVsbA==",
          "dependencies": [
            "module.eks.aws_iam_role.node_group"
          ]
        }
      ]
    },
    {
      "module": "module.eks",
      "mode": "managed",
      "type": "aws_iam_role_policy_attachment",
      "name": "node_AmazonEKSWorkerNodePolicy",
      "provider": "module.eks.provider[\"registry.terraform.io/hashicorp/aws\"]",
      "instances": [
        {
          "schema_version": 0,
          "attributes": {
            "id": "K8s-Opsfleet-node-group-role-20250326210053543400000001",
            "policy_arn": "arn:aws:iam::aws:policy/AmazonEKSWorkerNodePolicy",
            "role": "K8s-Opsfleet-node-group-role"
          },
          "sensitive_attributes": [],
          "private": "bnVsbA==",
          "dependencies": [
            "module.eks.aws_iam_role.node_group"
          ]
        }
      ]
    },
    {
      "module": "module.karpenter",
      "mode": "data",
      "type": "aws_caller_identity",
      "name": "current",
      "provider": "module.karpenter.provider[\"registry.terraform.io/hashicorp/aws\"]",
      "instances": [
        {
          "schema_version": 0,
          "attributes": {
            "account_id": "851725384896",
            "arn": "arn:aws:iam::851725384896:user/erigen_hoxha",
            "id": "851725384896",
            "user_id": "AIDA4MTWJ7TACMWRMNDUI"
          },
          "sensitive_attributes": []
        }
      ]
    },
    {
      "module": "module.karpenter",
      "mode": "data",
      "type": "aws_iam_policy_document",
      "name": "karpenter_assume_role",
      "provider": "module.karpenter.provider[\"registry.terraform.io/hashicorp/aws\"]",
      "instances": [
        {
          "schema_version": 0,
          "attributes": {
            "id": "3175707565",
            "json": "{\n  \"Version\": \"2012-10-17\",\n  \"Statement\": [\n    {\n      \"Effect\": \"Allow\",\n      \"Action\": \"sts:AssumeRoleWithWebIdentity\",\n      \"Principal\": {\n        \"Federated\": \"arn:aws:iam::851725384896:oidc-provider/oidc.eks.eu-west-2.amazonaws.com/id/A95EA1FEC910C5CA1D514EAB7C1B7DCA\"\n      },\n      \"Condition\": {\n        \"StringEquals\": {\n          \"oidc.eks.eu-west-2.amazonaws.com/id/A95EA1FEC910C5CA1D514EAB7C1B7DCA:sub\": \"system:serviceaccount:karpenter:karpenter\"\n        }\n      }\n    }\n  ]\n}",
            "minified_json": "{\"Version\":\"2012-10-17\",\"Statement\":[{\"Effect\":\"Allow\",\"Action\":\"sts:AssumeRoleWithWebIdentity\",\"Principal\":{\"Federated\":\"arn:aws:iam::851725384896:oidc-provider/oidc.eks.eu-west-2.amazonaws.com/id/A95EA1FEC910C5CA1D514EAB7C1B7DCA\"},\"Condition\":{\"StringEquals\":{\"oidc.eks.eu-west-2.amazonaws.com/id/A95EA1FEC910C5CA1D514EAB7C1B7DCA:sub\":\"system:serviceaccount:karpenter:karpenter\"}}}]}",
            "override_json": null,
            "override_policy_documents": null,
            "policy_id": null,
            "source_json": null,
            "source_policy_documents": null,
            "statement": [
              {
                "actions": [
                  "sts:AssumeRoleWithWebIdentity"
                ],
                "condition": [
                  {
                    "test": "StringEquals",
                    "values": [
                      "system:serviceaccount:karpenter:karpenter"
                    ],
                    "variable": "oidc.eks.eu-west-2.amazonaws.com/id/A95EA1FEC910C5CA1D514EAB7C1B7DCA:sub"
                  }
                ],
                "effect": "Allow",
                "not_actions": [],
                "not_principals": [],
                "not_resources": [],
                "principals": [
                  {
                    "identifiers": [
                      "arn:aws:iam::851725384896:oidc-provider/oidc.eks.eu-west-2.amazonaws.com/id/A95EA1FEC910C5CA1D514EAB7C1B7DCA"
                    ],
                    "type": "Federated"
                  }
                ],
                "resources": [],
                "sid": ""
              }
            ],
            "version": "2012-10-17"
          },
          "sensitive_attributes": []
        }
      ]
    },
    {
      "module": "module.karpenter",
      "mode": "managed",
      "type": "aws_iam_policy",
      "name": "karpenter",
      "provider": "module.karpenter.provider[\"registry.terraform.io/hashicorp/aws\"]",
      "instances": [
        {
          "schema_version": 0,
          "attributes": {
            "arn": "arn:aws:iam::851725384896:policy/K8s-Opsfleet-karpenter-policy",
            "attachment_count": 1,
            "description": "IAM policy for Karpenter to provision nodes",
            "id": "arn:aws:iam::851725384896:policy/K8s-Opsfleet-karpenter-policy",
            "name": "K8s-Opsfleet-karpenter-policy",
            "name_prefix": "",
            "path": "/",
            "policy": "{\"Statement\":[{\"Action\":[\"ec2:CreateLaunchTemplate\",\"ec2:CreateFleet\",\"ec2:RunInstances\",\"ec2:CreateTags\",\"ec2:TerminateInstances\",\"ec2:Describe*\",\"ssm:GetParameter\",\"iam:PassRole\"],\"Effect\":\"Allow\",\"Resource\":\"*\"},{\"Action\":[\"pricing:GetProducts\"],\"Effect\":\"Allow\",\"Resource\":\"*\"}],\"Version\":\"2012-10-17\"}",
            "policy_id": "ANPA4MTWJ7TAJTGWZBT45",
            "tags": {},
            "tags_all": {}
          },
          "sensitive_attributes": [],
          "private": "bnVsbA==",
          "dependencies": [
            "module.eks.aws_eks_cluster.eks",
            "module.eks.aws_iam_role.cluster",
            "module.eks.aws_iam_role_policy_attachment.cluster_AmazonEKSClusterPolicy",
            "module.eks.aws_iam_role_policy_attachment.cluster_AmazonEKSVPCResourceController"
          ]
        }
      ]
    },
    {
      "module": "module.karpenter",
      "mode": "managed",
      "type": "aws_iam_policy",
      "name": "karpenter_spot",
      "provider": "module.karpenter.provider[\"registry.terraform.io/hashicorp/aws\"]",
      "instances": [
        {
          "schema_version": 0,
          "attributes": {
            "arn": "arn:aws:iam::851725384896:policy/K8s-Opsfleet-karpenter-spot-policy",
            "attachment_count": 1,
            "description": "IAM policy to allow Karpenter to use Spot instances",
            "id": "arn:aws:iam::851725384896:policy/K8s-Opsfleet-karpenter-spot-policy",
            "name": "K8s-Opsfleet-karpenter-spot-policy",
            "name_prefix": "",
            "path": "/",
            "policy": "{\"Statement\":[{\"Action\":[\"ec2:DescribeInstances\",\"ec2:DescribeInstanceTypes\",\"ec2:DescribeSpotPriceHistory\",\"ec2:DescribeAvailabilityZones\",\"ec2:GetSpotPlacementScores\"],\"Effect\":\"Allow\",\"Resource\":\"*\"}],\"Version\":\"2012-10-17\"}",
            "policy_id": "ANPA4MTWJ7TAJOZDUHDRR",
            "tags": {},
            "tags_all": {}
          },
          "sensitive_attributes": [],
          "private": "bnVsbA==",
          "dependencies": [
            "module.eks.aws_eks_cluster.eks",
            "module.eks.aws_iam_role.cluster",
            "module.eks.aws_iam_role_policy_attachment.cluster_AmazonEKSClusterPolicy",
            "module.eks.aws_iam_role_policy_attachment.cluster_AmazonEKSVPCResourceController"
          ]
        }
      ]
    },
    {
      "module": "module.karpenter",
      "mode": "managed",
      "type": "aws_iam_role",
      "name": "karpenter",
      "provider": "module.karpenter.provider[\"registry.terraform.io/hashicorp/aws\"]",
      "instances": [
        {
          "schema_version": 0,
          "attributes": {
            "arn": "arn:aws:iam::851725384896:role/K8s-Opsfleet-karpenter-controller",
            "assume_role_policy": "{\"Statement\":[{\"Action\":\"sts:AssumeRoleWithWebIdentity\",\"Condition\":{\"StringEquals\":{\"oidc.eks.eu-west-2.amazonaws.com/id/A95EA1FEC910C5CA1D514EAB7C1B7DCA:sub\":\"system:serviceaccount:karpenter:karpenter\"}},\"Effect\":\"Allow\",\"Principal\":{\"Federated\":\"arn:aws:iam::851725384896:oidc-provider/oidc.eks.eu-west-2.amazonaws.com/id/A95EA1FEC910C5CA1D514EAB7C1B7DCA\"}}],\"Version\":\"2012-10-17\"}",
            "create_date": "2025-03-26T21:48:07Z",
            "description": "",
            "force_detach_policies": false,
            "id": "K8s-Opsfleet-karpenter-controller",
            "inline_policy": [],
            "managed_policy_arns": [
              "arn:aws:iam::851725384896:policy/K8s-Opsfleet-karpenter-policy",
              "arn:aws:iam::851725384896:policy/K8s-Opsfleet-karpenter-spot-policy"
            ],
            "max_session_duration": 3600,
            "name": "K8s-Opsfleet-karpenter-controller",
            "name_prefix": "",
            "path": "/",
            "permissions_boundary": "",
            "tags": {},
            "tags_all": {},
            "unique_id": "AROA4MTWJ7TADJ6XQBW4L"
          },
          "sensitive_attributes": [],
          "private": "bnVsbA==",
          "dependencies": [
            "module.eks.aws_eks_cluster.eks",
            "module.eks.aws_iam_role.cluster",
            "module.eks.aws_iam_role_policy_attachment.cluster_AmazonEKSClusterPolicy",
            "module.eks.aws_iam_role_policy_attachment.cluster_AmazonEKSVPCResourceController",
            "module.karpenter.data.aws_caller_identity.current",
            "module.karpenter.data.aws_iam_policy_document.karpenter_assume_role"
          ]
        }
      ]
    },
    {
      "module": "module.karpenter",
      "mode": "managed",
      "type": "aws_iam_role_policy_attachment",
      "name": "karpenter_main_policy",
      "provider": "module.karpenter.provider[\"registry.terraform.io/hashicorp/aws\"]",
      "instances": [
        {
          "schema_version": 0,
          "attributes": {
            "id": "K8s-Opsfleet-karpenter-controller-20250326214808951300000002",
            "policy_arn": "arn:aws:iam::851725384896:policy/K8s-Opsfleet-karpenter-policy",
            "role": "K8s-Opsfleet-karpenter-controller"
          },
          "sensitive_attributes": [],
          "private": "bnVsbA==",
          "dependencies": [
            "module.eks.aws_eks_cluster.eks",
            "module.eks.aws_iam_role.cluster",
            "module.eks.aws_iam_role_policy_attachment.cluster_AmazonEKSClusterPolicy",
            "module.eks.aws_iam_role_policy_attachment.cluster_AmazonEKSVPCResourceController",
            "module.karpenter.aws_iam_policy.karpenter",
            "module.karpenter.aws_iam_role.karpenter",
            "module.karpenter.data.aws_caller_identity.current",
            "module.karpenter.data.aws_iam_policy_document.karpenter_assume_role"
          ]
        }
      ]
    },
    {
      "module": "module.karpenter",
      "mode": "managed",
      "type": "aws_iam_role_policy_attachment",
      "name": "karpenter_spot",
      "provider": "module.karpenter.provider[\"registry.terraform.io/hashicorp/aws\"]",
      "instances": [
        {
          "schema_version": 0,
          "attributes": {
            "id": "K8s-Opsfleet-karpenter-controller-20250326214808869900000001",
            "policy_arn": "arn:aws:iam::851725384896:policy/K8s-Opsfleet-karpenter-spot-policy",
            "role": "K8s-Opsfleet-karpenter-controller"
          },
          "sensitive_attributes": [],
          "private": "bnVsbA==",
          "dependencies": [
            "module.eks.aws_eks_cluster.eks",
            "module.eks.aws_iam_role.cluster",
            "module.eks.aws_iam_role_policy_attachment.cluster_AmazonEKSClusterPolicy",
            "module.eks.aws_iam_role_policy_attachment.cluster_AmazonEKSVPCResourceController",
            "module.karpenter.aws_iam_policy.karpenter_spot",
            "module.karpenter.aws_iam_role.karpenter",
            "module.karpenter.data.aws_caller_identity.current",
            "module.karpenter.data.aws_iam_policy_document.karpenter_assume_role"
          ]
        }
      ]
    },
    {
      "module": "module.karpenter",
      "mode": "managed",
      "type": "helm_release",
      "name": "karpenter",
      "provider": "provider[\"registry.terraform.io/hashicorp/helm\"]",
      "instances": [
        {
          "schema_version": 1,
          "attributes": {
            "atomic": false,
            "chart": "karpenter",
            "cleanup_on_fail": false,
            "create_namespace": false,
            "dependency_update": false,
            "description": null,
            "devel": null,
            "disable_crd_hooks": false,
            "disable_openapi_validation": false,
            "disable_webhooks": false,
            "force_update": false,
            "id": "karpenter",
            "keyring": null,
            "lint": false,
            "manifest": null,
            "max_history": 0,
            "metadata": [
              {
                "app_version": "0.16.3",
                "chart": "karpenter",
                "name": "karpenter",
                "namespace": "karpenter",
                "revision": 1,
                "values": "{\"controller\":{\"env\":[{\"name\":\"CLUSTER_NAME\",\"value\":\"K8s-Opsfleet\"},{\"name\":\"CLUSTER_ENDPOINT\",\"value\":\"https://A95EA1FEC910C5CA1D514EAB7C1B7DCA.gr7.eu-west-2.eks.amazonaws.com\"},{\"name\":\"AWS_DEFAULT_INSTANCE_PROFILE\",\"value\":\"K8s-Opsfleet-node-group-profile\"}]},\"serviceAccount\":{\"annotations\":{\"eks.amazonaws.com/role-arn\":\"arn:aws:iam::851725384896:role/K8s-Opsfleet-karpenter-controller\"},\"name\":\"karpenter\"},\"settings\":{\"aws\":{\"defaultInstanceProfile\":\"K8s-Opsfleet-node-group-profile\"},\"clusterEndpoint\":\"https://A95EA1FEC910C5CA1D514EAB7C1B7DCA.gr7.eu-west-2.eks.amazonaws.com\",\"clusterName\":\"K8s-Opsfleet\"}}",
                "version": "0.16.3"
              }
            ],
            "name": "karpenter",
            "namespace": "karpenter",
            "pass_credentials": false,
            "postrender": [],
            "recreate_pods": false,
            "render_subchart_notes": true,
            "replace": false,
            "repository": "https://charts.karpenter.sh",
            "repository_ca_file": null,
            "repository_cert_file": null,
            "repository_key_file": null,
            "repository_password": null,
            "repository_username": null,
            "reset_values": false,
            "reuse_values": false,
            "set": [
              {
                "name": "controller.env[0].name",
                "type": "",
                "value": "CLUSTER_NAME"
              },
              {
                "name": "controller.env[0].value",
                "type": "",
                "value": "K8s-Opsfleet"
              },
              {
                "name": "controller.env[1].name",
                "type": "",
                "value": "CLUSTER_ENDPOINT"
              },
              {
                "name": "controller.env[1].value",
                "type": "",
                "value": "https://A95EA1FEC910C5CA1D514EAB7C1B7DCA.gr7.eu-west-2.eks.amazonaws.com"
              },
              {
                "name": "controller.env[2].name",
                "type": "",
                "value": "AWS_DEFAULT_INSTANCE_PROFILE"
              },
              {
                "name": "controller.env[2].value",
                "type": "",
                "value": "K8s-Opsfleet-node-group-profile"
              },
              {
                "name": "serviceAccount.annotations.eks\\.amazonaws\\.com/role-arn",
                "type": "",
                "value": "arn:aws:iam::851725384896:role/K8s-Opsfleet-karpenter-controller"
              },
              {
                "name": "serviceAccount.name",
                "type": "",
                "value": "karpenter"
              },
              {
                "name": "settings.aws.defaultInstanceProfile",
                "type": "",
                "value": "K8s-Opsfleet-node-group-profile"
              },
              {
                "name": "settings.clusterEndpoint",
                "type": "",
                "value": "https://A95EA1FEC910C5CA1D514EAB7C1B7DCA.gr7.eu-west-2.eks.amazonaws.com"
              },
              {
                "name": "settings.clusterName",
                "type": "",
                "value": "K8s-Opsfleet"
              }
            ],
            "set_list": [],
            "set_sensitive": [],
            "skip_crds": false,
            "status": "deployed",
            "timeout": 300,
            "values": null,
            "verify": false,
            "version": "0.16.3",
            "wait": true,
            "wait_for_jobs": false
          },
          "sensitive_attributes": [
            [
              {
                "type": "get_attr",
                "value": "repository_password"
              }
            ]
          ],
          "private": "eyJzY2hlbWFfdmVyc2lvbiI6IjEifQ==",
          "dependencies": [
            "data.aws_eks_cluster_auth.cluster",
            "module.eks.aws_eks_cluster.eks",
            "module.eks.aws_iam_instance_profile.node_group",
            "module.eks.aws_iam_role.cluster",
            "module.eks.aws_iam_role.node_group",
            "module.eks.aws_iam_role_policy_attachment.cluster_AmazonEKSClusterPolicy",
            "module.eks.aws_iam_role_policy_attachment.cluster_AmazonEKSVPCResourceController",
            "module.karpenter.aws_iam_role.karpenter",
            "module.karpenter.data.aws_caller_identity.current",
            "module.karpenter.data.aws_iam_policy_document.karpenter_assume_role",
            "module.karpenter.kubernetes_namespace.karpenter"
          ]
        }
      ]
    },
    {
      "module": "module.karpenter",
      "mode": "managed",
      "type": "kubernetes_namespace",
      "name": "karpenter",
      "provider": "provider[\"registry.terraform.io/hashicorp/kubernetes\"]",
      "instances": [
        {
          "schema_version": 0,
          "attributes": {
            "id": "karpenter",
            "metadata": [
              {
                "annotations": {},
                "generate_name": "",
                "generation": 0,
                "labels": {},
                "name": "karpenter",
                "resource_version": "7203",
                "uid": "cba460ce-c58f-40f3-8800-76714f3dd732"
              }
            ],
            "timeouts": null,
            "wait_for_default_service_account": false
          },
          "sensitive_attributes": [],
          "private": "eyJlMmJmYjczMC1lY2FhLTExZTYtOGY4OC0zNDM2M2JjN2M0YzAiOnsiZGVsZXRlIjozMDAwMDAwMDAwMDB9fQ==",
          "dependencies": [
            "data.aws_eks_cluster_auth.cluster",
            "module.eks.aws_eks_cluster.eks",
            "module.eks.aws_iam_role.cluster",
            "module.eks.aws_iam_role_policy_attachment.cluster_AmazonEKSClusterPolicy",
            "module.eks.aws_iam_role_policy_attachment.cluster_AmazonEKSVPCResourceController"
          ]
        }
      ]
    }
  ],
  "check_results": null
}
